// !$*UTF8*$!
{
	archiveVersion = 1;
	classes = {
	};
	objectVersion = 52;
	objects = {

/* Begin PBXBuildFile section */
		59BD0306C3A177A5E4FD3049 /* KittyProfileView.swift in Sources */ = {isa = PBXBuildFile; fileRef = 59BD0C9F3D41B4532612BBED /* KittyProfileView.swift */; };
		59BD03BE261FE5E84ACA0A47 /* KittyListView.swift in Sources */ = {isa = PBXBuildFile; fileRef = 59BD0AD6545E7E16A639B051 /* KittyListView.swift */; };
		59BD0434321A4EC49988087D /* KittyListItemView.swift in Sources */ = {isa = PBXBuildFile; fileRef = 59BD07BCBFA851F440BD11CC /* KittyListItemView.swift */; };
		9E2F1F69241694FA00927351 /* KingfisherSwiftUI in Frameworks */ = {isa = PBXBuildFile; productRef = 9E2F1F68241694FA00927351 /* KingfisherSwiftUI */; };
		9E2F1F6B2416A92A00927351 /* KittyListViewModel.swift in Sources */ = {isa = PBXBuildFile; fileRef = 9E2F1F6A2416A92A00927351 /* KittyListViewModel.swift */; };
		9E43637424221F1500470E0F /* SwiftUIRefresh in Frameworks */ = {isa = PBXBuildFile; productRef = 9E43637324221F1500470E0F /* SwiftUIRefresh */; };
		9EAB03CA240E86BA000D6BC2 /* AppDelegate.swift in Sources */ = {isa = PBXBuildFile; fileRef = 9EAB03C9240E86BA000D6BC2 /* AppDelegate.swift */; };
		9EAB03CC240E86BA000D6BC2 /* SceneDelegate.swift in Sources */ = {isa = PBXBuildFile; fileRef = 9EAB03CB240E86BA000D6BC2 /* SceneDelegate.swift */; };
		9EAB03D0240E86BD000D6BC2 /* Assets.xcassets in Resources */ = {isa = PBXBuildFile; fileRef = 9EAB03CF240E86BD000D6BC2 /* Assets.xcassets */; };
		9EAB03D3240E86BD000D6BC2 /* Preview Assets.xcassets in Resources */ = {isa = PBXBuildFile; fileRef = 9EAB03D2240E86BD000D6BC2 /* Preview Assets.xcassets */; };
		9EAB03D6240E86BD000D6BC2 /* LaunchScreen.storyboard in Resources */ = {isa = PBXBuildFile; fileRef = 9EAB03D4240E86BD000D6BC2 /* LaunchScreen.storyboard */; };
		9EAB03DF240E8C3D000D6BC2 /* shared.framework in Frameworks */ = {isa = PBXBuildFile; fileRef = 9EAB03DE240E8C3D000D6BC2 /* shared.framework */; };
		9EAB03E0240E8C3D000D6BC2 /* shared.framework in Embed Frameworks */ = {isa = PBXBuildFile; fileRef = 9EAB03DE240E8C3D000D6BC2 /* shared.framework */; settings = {ATTRIBUTES = (CodeSignOnCopy, RemoveHeadersOnCopy, ); }; };
/* End PBXBuildFile section */

/* Begin PBXCopyFilesBuildPhase section */
		9EAB03E1240E8C3D000D6BC2 /* Embed Frameworks */ = {
			isa = PBXCopyFilesBuildPhase;
			buildActionMask = 2147483647;
			dstPath = "";
			dstSubfolderSpec = 10;
			files = (
				9EAB03E0240E8C3D000D6BC2 /* shared.framework in Embed Frameworks */,
			);
			name = "Embed Frameworks";
			runOnlyForDeploymentPostprocessing = 0;
		};
/* End PBXCopyFilesBuildPhase section */

/* Begin PBXFileReference section */
		59BD07BCBFA851F440BD11CC /* KittyListItemView.swift */ = {isa = PBXFileReference; fileEncoding = 4; lastKnownFileType = sourcecode.swift; path = KittyListItemView.swift; sourceTree = "<group>"; };
		59BD0AD6545E7E16A639B051 /* KittyListView.swift */ = {isa = PBXFileReference; fileEncoding = 4; lastKnownFileType = sourcecode.swift; path = KittyListView.swift; sourceTree = "<group>"; };
		59BD0C9F3D41B4532612BBED /* KittyProfileView.swift */ = {isa = PBXFileReference; fileEncoding = 4; lastKnownFileType = sourcecode.swift; path = KittyProfileView.swift; sourceTree = "<group>"; };
		9E2F1F6A2416A92A00927351 /* KittyListViewModel.swift */ = {isa = PBXFileReference; lastKnownFileType = sourcecode.swift; path = KittyListViewModel.swift; sourceTree = "<group>"; };
		9EAB03C6240E86BA000D6BC2 /* kittygram.app */ = {isa = PBXFileReference; explicitFileType = wrapper.application; includeInIndex = 0; path = kittygram.app; sourceTree = BUILT_PRODUCTS_DIR; };
		9EAB03C9240E86BA000D6BC2 /* AppDelegate.swift */ = {isa = PBXFileReference; lastKnownFileType = sourcecode.swift; path = AppDelegate.swift; sourceTree = "<group>"; };
		9EAB03CB240E86BA000D6BC2 /* SceneDelegate.swift */ = {isa = PBXFileReference; lastKnownFileType = sourcecode.swift; path = SceneDelegate.swift; sourceTree = "<group>"; };
		9EAB03CF240E86BD000D6BC2 /* Assets.xcassets */ = {isa = PBXFileReference; lastKnownFileType = folder.assetcatalog; path = Assets.xcassets; sourceTree = "<group>"; };
		9EAB03D2240E86BD000D6BC2 /* Preview Assets.xcassets */ = {isa = PBXFileReference; lastKnownFileType = folder.assetcatalog; path = "Preview Assets.xcassets"; sourceTree = "<group>"; };
		9EAB03D5240E86BD000D6BC2 /* Base */ = {isa = PBXFileReference; lastKnownFileType = file.storyboard; name = Base; path = Base.lproj/LaunchScreen.storyboard; sourceTree = "<group>"; };
		9EAB03D7240E86BD000D6BC2 /* Info.plist */ = {isa = PBXFileReference; lastKnownFileType = text.plist.xml; path = Info.plist; sourceTree = "<group>"; };
		9EAB03DE240E8C3D000D6BC2 /* shared.framework */ = {isa = PBXFileReference; lastKnownFileType = wrapper.framework; name = shared.framework; path = "../../shared/build/xcode-frameworks/shared.framework"; sourceTree = "<group>"; };
/* End PBXFileReference section */

/* Begin PBXFrameworksBuildPhase section */
		9EAB03C3240E86BA000D6BC2 /* Frameworks */ = {
			isa = PBXFrameworksBuildPhase;
			buildActionMask = 2147483647;
			files = (
				9E43637424221F1500470E0F /* SwiftUIRefresh in Frameworks */,
				9E2F1F69241694FA00927351 /* KingfisherSwiftUI in Frameworks */,
				9EAB03DF240E8C3D000D6BC2 /* shared.framework in Frameworks */,
			);
			runOnlyForDeploymentPostprocessing = 0;
		};
/* End PBXFrameworksBuildPhase section */

/* Begin PBXGroup section */
		59BD001A0C1B770079B0A3C5 /* kittyList */ = {
			isa = PBXGroup;
			children = (
				59BD0AD6545E7E16A639B051 /* KittyListView.swift */,
				9E2F1F6A2416A92A00927351 /* KittyListViewModel.swift */,
				59BD07BCBFA851F440BD11CC /* KittyListItemView.swift */,
			);
			path = kittyList;
			sourceTree = "<group>";
		};
		59BD001BDAF0A1886708938E /* view */ = {
			isa = PBXGroup;
			children = (
			);
			path = view;
			sourceTree = "<group>";
		};
		59BD00FB17E3E1AF93473718 /* kittyprofile */ = {
			isa = PBXGroup;
			children = (
				59BD0C9F3D41B4532612BBED /* KittyProfileView.swift */,
			);
			path = kittyprofile;
			sourceTree = "<group>";
		};
		59BD0FDE566150949FBD42D3 /* infrastructure */ = {
			isa = PBXGroup;
			children = (
				59BD001BDAF0A1886708938E /* view */,
			);
			path = infrastructure;
			sourceTree = "<group>";
		};
		9EAB03BD240E86BA000D6BC2 = {
			isa = PBXGroup;
			children = (
				9EAB03C8240E86BA000D6BC2 /* kittygram */,
				9EAB03C7240E86BA000D6BC2 /* Products */,
				9EAB03DD240E8C3D000D6BC2 /* Frameworks */,
			);
			sourceTree = "<group>";
		};
		9EAB03C7240E86BA000D6BC2 /* Products */ = {
			isa = PBXGroup;
			children = (
				9EAB03C6240E86BA000D6BC2 /* kittygram.app */,
			);
			name = Products;
			sourceTree = "<group>";
		};
		9EAB03C8240E86BA000D6BC2 /* kittygram */ = {
			isa = PBXGroup;
			children = (
				59BD001A0C1B770079B0A3C5 /* kittyList */,
				59BD00FB17E3E1AF93473718 /* kittyprofile */,
				9EAB03C9240E86BA000D6BC2 /* AppDelegate.swift */,
				9EAB03CB240E86BA000D6BC2 /* SceneDelegate.swift */,
				9EAB03CF240E86BD000D6BC2 /* Assets.xcassets */,
				9EAB03D4240E86BD000D6BC2 /* LaunchScreen.storyboard */,
				9EAB03D7240E86BD000D6BC2 /* Info.plist */,
				9EAB03D1240E86BD000D6BC2 /* Preview Content */,
				59BD0FDE566150949FBD42D3 /* infrastructure */,
			);
			path = kittygram;
			sourceTree = "<group>";
		};
		9EAB03D1240E86BD000D6BC2 /* Preview Content */ = {
			isa = PBXGroup;
			children = (
				9EAB03D2240E86BD000D6BC2 /* Preview Assets.xcassets */,
			);
			path = "Preview Content";
			sourceTree = "<group>";
		};
		9EAB03DD240E8C3D000D6BC2 /* Frameworks */ = {
			isa = PBXGroup;
			children = (
				9EAB03DE240E8C3D000D6BC2 /* shared.framework */,
			);
			name = Frameworks;
			sourceTree = "<group>";
		};
/* End PBXGroup section */

/* Begin PBXNativeTarget section */
		9EAB03C5240E86BA000D6BC2 /* kittygram */ = {
			isa = PBXNativeTarget;
			buildConfigurationList = 9EAB03DA240E86BD000D6BC2 /* Build configuration list for PBXNativeTarget "kittygram" */;
			buildPhases = (
				9EAB03E2240E8E2B000D6BC2 /* ShellScript */,
				9EAB03C2240E86BA000D6BC2 /* Sources */,
				9EAB03C3240E86BA000D6BC2 /* Frameworks */,
				9EAB03C4240E86BA000D6BC2 /* Resources */,
				9EAB03E1240E8C3D000D6BC2 /* Embed Frameworks */,
			);
			buildRules = (
			);
			dependencies = (
			);
			name = kittygram;
			packageProductDependencies = (
				9E2F1F68241694FA00927351 /* KingfisherSwiftUI */,
				9E43637324221F1500470E0F /* SwiftUIRefresh */,
			);
			productName = kittygram;
			productReference = 9EAB03C6240E86BA000D6BC2 /* kittygram.app */;
			productType = "com.apple.product-type.application";
		};
/* End PBXNativeTarget section */

/* Begin PBXProject section */
		9EAB03BE240E86BA000D6BC2 /* Project object */ = {
			isa = PBXProject;
			attributes = {
				LastSwiftUpdateCheck = 1130;
				LastUpgradeCheck = 1130;
				ORGANIZATIONNAME = "Bulat Mukhutdinov";
				TargetAttributes = {
					9EAB03C5240E86BA000D6BC2 = {
						CreatedOnToolsVersion = 11.3.1;
					};
				};
			};
			buildConfigurationList = 9EAB03C1240E86BA000D6BC2 /* Build configuration list for PBXProject "kittygram" */;
			compatibilityVersion = "Xcode 9.3";
			developmentRegion = en;
			hasScannedForEncodings = 0;
			knownRegions = (
				en,
				Base,
			);
			mainGroup = 9EAB03BD240E86BA000D6BC2;
			packageReferences = (
				9E2F1F67241694FA00927351 /* XCRemoteSwiftPackageReference "Kingfisher" */,
				9E43637224221F1400470E0F /* XCRemoteSwiftPackageReference "SwiftUIRefresh" */,
			);
			productRefGroup = 9EAB03C7240E86BA000D6BC2 /* Products */;
			projectDirPath = "";
			projectRoot = "";
			targets = (
				9EAB03C5240E86BA000D6BC2 /* kittygram */,
			);
		};
/* End PBXProject section */

/* Begin PBXResourcesBuildPhase section */
		9EAB03C4240E86BA000D6BC2 /* Resources */ = {
			isa = PBXResourcesBuildPhase;
			buildActionMask = 2147483647;
			files = (
				9EAB03D6240E86BD000D6BC2 /* LaunchScreen.storyboard in Resources */,
				9EAB03D3240E86BD000D6BC2 /* Preview Assets.xcassets in Resources */,
				9EAB03D0240E86BD000D6BC2 /* Assets.xcassets in Resources */,
			);
			runOnlyForDeploymentPostprocessing = 0;
		};
/* End PBXResourcesBuildPhase section */

/* Begin PBXShellScriptBuildPhase section */
		9EAB03E2240E8E2B000D6BC2 /* ShellScript */ = {
			isa = PBXShellScriptBuildPhase;
			buildActionMask = 2147483647;
			files = (
			);
			inputFileListPaths = (
			);
			inputPaths = (
			);
			outputFileListPaths = (
			);
			outputPaths = (
			);
			runOnlyForDeploymentPostprocessing = 0;
			shellPath = /bin/sh;
			shellScript = "# Type a script or drag a script file from your workspace to insert its path.\ncd \"$SRCROOT/../../shared/build/xcode-frameworks\"\n./gradlew :shared:packForXCode -PXCODE_CONFIGURATION=${CONFIGURATION}\n";
		};
/* End PBXShellScriptBuildPhase section */

/* Begin PBXSourcesBuildPhase section */
		9EAB03C2240E86BA000D6BC2 /* Sources */ = {
			isa = PBXSourcesBuildPhase;
			buildActionMask = 2147483647;
			files = (
				9E2F1F6B2416A92A00927351 /* KittyListViewModel.swift in Sources */,
				9EAB03CA240E86BA000D6BC2 /* AppDelegate.swift in Sources */,
				9EAB03CC240E86BA000D6BC2 /* SceneDelegate.swift in Sources */,
				59BD03BE261FE5E84ACA0A47 /* KittyListView.swift in Sources */,
				59BD0434321A4EC49988087D /* KittyListItemView.swift in Sources */,
				59BD0306C3A177A5E4FD3049 /* KittyProfileView.swift in Sources */,
			);
			runOnlyForDeploymentPostprocessing = 0;
		};
/* End PBXSourcesBuildPhase section */

/* Begin PBXVariantGroup section */
		9EAB03D4240E86BD000D6BC2 /* LaunchScreen.storyboard */ = {
			isa = PBXVariantGroup;
			children = (
				9EAB03D5240E86BD000D6BC2 /* Base */,
			);
			name = LaunchScreen.storyboard;
			sourceTree = "<group>";
		};
/* End PBXVariantGroup section */

/* Begin XCBuildConfiguration section */
		9EAB03D8240E86BD000D6BC2 /* Debug */ = {
			isa = XCBuildConfiguration;
			buildSettings = {
				ALWAYS_SEARCH_USER_PATHS = NO;
				CLANG_ANALYZER_NONNULL = YES;
				CLANG_ANALYZER_NUMBER_OBJECT_CONVERSION = YES_AGGRESSIVE;
				CLANG_CXX_LANGUAGE_STANDARD = "gnu++14";
				CLANG_CXX_LIBRARY = "libc++";
				CLANG_ENABLE_MODULES = YES;
				CLANG_ENABLE_OBJC_ARC = YES;
				CLANG_ENABLE_OBJC_WEAK = YES;
				CLANG_WARN_BLOCK_CAPTURE_AUTORELEASING = YES;
				CLANG_WARN_BOOL_CONVERSION = YES;
				CLANG_WARN_COMMA = YES;
				CLANG_WARN_CONSTANT_CONVERSION = YES;
				CLANG_WARN_DEPRECATED_OBJC_IMPLEMENTATIONS = YES;
				CLANG_WARN_DIRECT_OBJC_ISA_USAGE = YES_ERROR;
				CLANG_WARN_DOCUMENTATION_COMMENTS = YES;
				CLANG_WARN_EMPTY_BODY = YES;
				CLANG_WARN_ENUM_CONVERSION = YES;
				CLANG_WARN_INFINITE_RECURSION = YES;
				CLANG_WARN_INT_CONVERSION = YES;
				CLANG_WARN_NON_LITERAL_NULL_CONVERSION = YES;
				CLANG_WARN_OBJC_IMPLICIT_RETAIN_SELF = YES;
				CLANG_WARN_OBJC_LITERAL_CONVERSION = YES;
				CLANG_WARN_OBJC_ROOT_CLASS = YES_ERROR;
				CLANG_WARN_RANGE_LOOP_ANALYSIS = YES;
				CLANG_WARN_STRICT_PROTOTYPES = YES;
				CLANG_WARN_SUSPICIOUS_MOVE = YES;
				CLANG_WARN_UNGUARDED_AVAILABILITY = YES_AGGRESSIVE;
				CLANG_WARN_UNREACHABLE_CODE = YES;
				CLANG_WARN__DUPLICATE_METHOD_MATCH = YES;
				COPY_PHASE_STRIP = NO;
				DEBUG_INFORMATION_FORMAT = dwarf;
				ENABLE_STRICT_OBJC_MSGSEND = YES;
				ENABLE_TESTABILITY = YES;
				GCC_C_LANGUAGE_STANDARD = gnu11;
				GCC_DYNAMIC_NO_PIC = NO;
				GCC_NO_COMMON_BLOCKS = YES;
				GCC_OPTIMIZATION_LEVEL = 0;
				GCC_PREPROCESSOR_DEFINITIONS = (
					"DEBUG=1",
					"$(inherited)",
				);
				GCC_WARN_64_TO_32_BIT_CONVERSION = YES;
				GCC_WARN_ABOUT_RETURN_TYPE = YES_ERROR;
				GCC_WARN_UNDECLARED_SELECTOR = YES;
				GCC_WARN_UNINITIALIZED_AUTOS = YES_AGGRESSIVE;
				GCC_WARN_UNUSED_FUNCTION = YES;
				GCC_WARN_UNUSED_VARIABLE = YES;
				IPHONEOS_DEPLOYMENT_TARGET = 13.2;
				MTL_ENABLE_DEBUG_INFO = INCLUDE_SOURCE;
				MTL_FAST_MATH = YES;
				ONLY_ACTIVE_ARCH = YES;
				SDKROOT = iphoneos;
				SWIFT_ACTIVE_COMPILATION_CONDITIONS = DEBUG;
				SWIFT_OPTIMIZATION_LEVEL = "-Onone";
			};
			name = Debug;
		};
		9EAB03D9240E86BD000D6BC2 /* Release */ = {
			isa = XCBuildConfiguration;
			buildSettings = {
				ALWAYS_SEARCH_USER_PATHS = NO;
				CLANG_ANALYZER_NONNULL = YES;
				CLANG_ANALYZER_NUMBER_OBJECT_CONVERSION = YES_AGGRESSIVE;
				CLANG_CXX_LANGUAGE_STANDARD = "gnu++14";
				CLANG_CXX_LIBRARY = "libc++";
				CLANG_ENABLE_MODULES = YES;
				CLANG_ENABLE_OBJC_ARC = YES;
				CLANG_ENABLE_OBJC_WEAK = YES;
				CLANG_WARN_BLOCK_CAPTURE_AUTORELEASING = YES;
				CLANG_WARN_BOOL_CONVERSION = YES;
				CLANG_WARN_COMMA = YES;
				CLANG_WARN_CONSTANT_CONVERSION = YES;
				CLANG_WARN_DEPRECATED_OBJC_IMPLEMENTATIONS = YES;
				CLANG_WARN_DIRECT_OBJC_ISA_USAGE = YES_ERROR;
				CLANG_WARN_DOCUMENTATION_COMMENTS = YES;
				CLANG_WARN_EMPTY_BODY = YES;
				CLANG_WARN_ENUM_CONVERSION = YES;
				CLANG_WARN_INFINITE_RECURSION = YES;
				CLANG_WARN_INT_CONVERSION = YES;
				CLANG_WARN_NON_LITERAL_NULL_CONVERSION = YES;
				CLANG_WARN_OBJC_IMPLICIT_RETAIN_SELF = YES;
				CLANG_WARN_OBJC_LITERAL_CONVERSION = YES;
				CLANG_WARN_OBJC_ROOT_CLASS = YES_ERROR;
				CLANG_WARN_RANGE_LOOP_ANALYSIS = YES;
				CLANG_WARN_STRICT_PROTOTYPES = YES;
				CLANG_WARN_SUSPICIOUS_MOVE = YES;
				CLANG_WARN_UNGUARDED_AVAILABILITY = YES_AGGRESSIVE;
				CLANG_WARN_UNREACHABLE_CODE = YES;
				CLANG_WARN__DUPLICATE_METHOD_MATCH = YES;
				COPY_PHASE_STRIP = NO;
				DEBUG_INFORMATION_FORMAT = "dwarf-with-dsym";
				ENABLE_NS_ASSERTIONS = NO;
				ENABLE_STRICT_OBJC_MSGSEND = YES;
				GCC_C_LANGUAGE_STANDARD = gnu11;
				GCC_NO_COMMON_BLOCKS = YES;
				GCC_WARN_64_TO_32_BIT_CONVERSION = YES;
				GCC_WARN_ABOUT_RETURN_TYPE = YES_ERROR;
				GCC_WARN_UNDECLARED_SELECTOR = YES;
				GCC_WARN_UNINITIALIZED_AUTOS = YES_AGGRESSIVE;
				GCC_WARN_UNUSED_FUNCTION = YES;
				GCC_WARN_UNUSED_VARIABLE = YES;
				IPHONEOS_DEPLOYMENT_TARGET = 13.2;
				MTL_ENABLE_DEBUG_INFO = NO;
				MTL_FAST_MATH = YES;
				SDKROOT = iphoneos;
				SWIFT_COMPILATION_MODE = wholemodule;
				SWIFT_OPTIMIZATION_LEVEL = "-O";
				VALIDATE_PRODUCT = YES;
			};
			name = Release;
		};
		9EAB03DB240E86BD000D6BC2 /* Debug */ = {
			isa = XCBuildConfiguration;
			buildSettings = {
				ASSETCATALOG_COMPILER_APPICON_NAME = AppIcon;
				CODE_SIGN_STYLE = Automatic;
				DEVELOPMENT_ASSET_PATHS = "\"kittygram/Preview Content\"";
				ENABLE_PREVIEWS = YES;
				FRAMEWORK_SEARCH_PATHS = "/Users/bulat/StudioProjects/kitty-gram/shared/build/xcode-frameworks";
				INFOPLIST_FILE = kittygram/Info.plist;
				LD_RUNPATH_SEARCH_PATHS = (
					"$(inherited)",
					"@executable_path/Frameworks",
				);
				PRODUCT_BUNDLE_IDENTIFIER = tat.mukhutdinov.kittygram;
				PRODUCT_NAME = "$(TARGET_NAME)";
				SWIFT_VERSION = 5.0;
				TARGETED_DEVICE_FAMILY = "1,2";
			};
			name = Debug;
		};
		9EAB03DC240E86BD000D6BC2 /* Release */ = {
			isa = XCBuildConfiguration;
			buildSettings = {
				ASSETCATALOG_COMPILER_APPICON_NAME = AppIcon;
				CODE_SIGN_STYLE = Automatic;
				DEVELOPMENT_ASSET_PATHS = "\"kittygram/Preview Content\"";
				ENABLE_PREVIEWS = YES;
				FRAMEWORK_SEARCH_PATHS = "/Users/bulat/StudioProjects/kitty-gram/shared/build/xcode-frameworks";
				INFOPLIST_FILE = kittygram/Info.plist;
				LD_RUNPATH_SEARCH_PATHS = (
					"$(inherited)",
					"@executable_path/Frameworks",
				);
				PRODUCT_BUNDLE_IDENTIFIER = tat.mukhutdinov.kittygram;
				PRODUCT_NAME = "$(TARGET_NAME)";
				SWIFT_VERSION = 5.0;
				TARGETED_DEVICE_FAMILY = "1,2";
			};
			name = Release;
		};
/* End XCBuildConfiguration section */

/* Begin XCConfigurationList section */
		9EAB03C1240E86BA000D6BC2 /* Build configuration list for PBXProject "kittygram" */ = {
			isa = XCConfigurationList;
			buildConfigurations = (
				9EAB03D8240E86BD000D6BC2 /* Debug */,
				9EAB03D9240E86BD000D6BC2 /* Release */,
			);
			defaultConfigurationIsVisible = 0;
			defaultConfigurationName = Release;
		};
		9EAB03DA240E86BD000D6BC2 /* Build configuration list for PBXNativeTarget "kittygram" */ = {
			isa = XCConfigurationList;
			buildConfigurations = (
				9EAB03DB240E86BD000D6BC2 /* Debug */,
				9EAB03DC240E86BD000D6BC2 /* Release */,
			);
			defaultConfigurationIsVisible = 0;
			defaultConfigurationName = Release;
		};
/* End XCConfigurationList section */

/* Begin XCRemoteSwiftPackageReference section */
		9E2F1F67241694FA00927351 /* XCRemoteSwiftPackageReference "Kingfisher" */ = {
			isa = XCRemoteSwiftPackageReference;
			repositoryURL = "https://github.com/onevcat/Kingfisher";
			requirement = {
				kind = upToNextMajorVersion;
				minimumVersion = 5.13.2;
			};
		};
		9E43637224221F1400470E0F /* XCRemoteSwiftPackageReference "SwiftUIRefresh" */ = {
			isa = XCRemoteSwiftPackageReference;
			repositoryURL = "https://github.com/timbersoftware/SwiftUIRefresh.git";
			requirement = {
				kind = exactVersion;
				version = 0.0.2;
			};
		};
/* End XCRemoteSwiftPackageReference section */

/* Begin XCSwiftPackageProductDependency section */
		9E2F1F68241694FA00927351 /* KingfisherSwiftUI */ = {
			isa = XCSwiftPackageProductDependency;
			package = 9E2F1F67241694FA00927351 /* XCRemoteSwiftPackageReference "Kingfisher" */;
			productName = KingfisherSwiftUI;
		};
		9E43637324221F1500470E0F /* SwiftUIRefresh */ = {
			isa = XCSwiftPackageProductDependency;
			package = 9E43637224221F1400470E0F /* XCRemoteSwiftPackageReference "SwiftUIRefresh" */;
			productName = SwiftUIRefresh;
		};
/* End XCSwiftPackageProductDependency section */
	};
	rootObject = 9EAB03BE240E86BA000D6BC2 /* Project object */;
}
